{
  "originHash" : "ebfbbf38cff64d5e0e8f483e40614ef98180b0cc04b3d3d56de2857d16dd10c3",
  "pins" : [
    {
      "identity" : "progresshud",
      "kind" : "remoteSourceControl",
      "location" : "https://github.com/relatedcode/ProgressHUD.git",
      "state" : {
        "revision" : "25471d6e1747f442e24bf0f4ace725a79648b418",
        "version" : "15.0.3"
      }
    }
  ],
  "version" : 3
}
